
Microsoft Visual Studio Solution File, Format Version 12.00
# Visual Studio Version 16
VisualStudioVersion = 16.0.31205.134
MinimumVisualStudioVersion = 10.0.40219.1
Project("{FAE04EC0-301F-11D3-BF4B-00C04F79EFBC}") = "JenkinsTest", "JenkinsTest\JenkinsTest.csproj", "{5D324BF7-1EDE-45D3-BBE0-29995939C95B}"
EndProject
Global
	GlobalSection(SolutionConfigurationPlatforms) = preSolution
		Debug|Any CPU = Debug|Any CPU
		Release|Any CPU = Release|Any CPU
	EndGlobalSection
	GlobalSection(ProjectConfigurationPlatforms) = postSolution
		{5D324BF7-1EDE-45D3-BBE0-29995939C95B}.Debug|Any CPU.ActiveCfg = Debug|Any CPU
		{5D324BF7-1EDE-45D3-BBE0-29995939C95B}.Debug|Any CPU.Build.0 = Debug|Any CPU
		{5D324BF7-1EDE-45D3-BBE0-29995939C95B}.Release|Any CPU.ActiveCfg = Release|Any CPU
		{5D324BF7-1EDE-45D3-BBE0-29995939C95B}.Release|Any CPU.Build.0 = Release|Any CPU
	EndGlobalSection
	GlobalSection(SolutionProperties) = preSolution
		HideSolutionNode = FALSE
	EndGlobalSection
	GlobalSection(ExtensibilityGlobals) = postSolution
		SolutionGuid = {8DDB1FCC-EDC5-4E3D-9381-1A088E220DF7}
	EndGlobalSection
EndGlobal
